
Microsoft Visual Studio Solution File, Format Version 12.00
# Visual Studio 15
VisualStudioVersion = 15.0.34526.175
MinimumVisualStudioVersion = 10.0.40219.1
Project("{FAE04EC0-301F-11D3-BF4B-00C04F79EFBC}") = "MyCheckRegex", "MyCheckRegex\MyCheckRegex.csproj", "{929E7D4B-C816-45CA-AA3F-25A4CCC1458B}"
EndProject
Global
	GlobalSection(SolutionConfigurationPlatforms) = preSolution
		Debug|Any CPU = Debug|Any CPU
		Release|Any CPU = Release|Any CPU
	EndGlobalSection
	GlobalSection(ProjectConfigurationPlatforms) = postSolution
		{929E7D4B-C816-45CA-AA3F-25A4CCC1458B}.Debug|Any CPU.ActiveCfg = Debug|Any CPU
		{929E7D4B-C816-45CA-AA3F-25A4CCC1458B}.Debug|Any CPU.Build.0 = Debug|Any CPU
		{929E7D4B-C816-45CA-AA3F-25A4CCC1458B}.Release|Any CPU.ActiveCfg = Release|Any CPU
		{929E7D4B-C816-45CA-AA3F-25A4CCC1458B}.Release|Any CPU.Build.0 = Release|Any CPU
	EndGlobalSection
	GlobalSection(SolutionProperties) = preSolution
		HideSolutionNode = FALSE
	EndGlobalSection
	GlobalSection(ExtensibilityGlobals) = postSolution
		SolutionGuid = {63D73CF9-5E93-4F0E-8AF6-57D31D5014EF}
	EndGlobalSection
EndGlobal
